
Microsoft Visual Studio Solution File, Format Version 12.00
# Visual Studio Version 17
VisualStudioVersion = 17.9.34723.18
MinimumVisualStudioVersion = 10.0.40219.1
Project("{9A19103F-16F7-4668-BE54-9A1E7A4F7556}") = "libF1Locations", "libF1Locations\libF1Locations.csproj", "{C5FF3BFD-D367-4F0C-9FBA-B89D5E19255E}"
EndProject
Global
	GlobalSection(SolutionConfigurationPlatforms) = preSolution
		Debug|Any CPU = Debug|Any CPU
		Release|Any CPU = Release|Any CPU
	EndGlobalSection
	GlobalSection(ProjectConfigurationPlatforms) = postSolution
		{C5FF3BFD-D367-4F0C-9FBA-B89D5E19255E}.Debug|Any CPU.ActiveCfg = Debug|Any CPU
		{C5FF3BFD-D367-4F0C-9FBA-B89D5E19255E}.Debug|Any CPU.Build.0 = Debug|Any CPU
		{C5FF3BFD-D367-4F0C-9FBA-B89D5E19255E}.Release|Any CPU.ActiveCfg = Release|Any CPU
		{C5FF3BFD-D367-4F0C-9FBA-B89D5E19255E}.Release|Any CPU.Build.0 = Release|Any CPU
	EndGlobalSection
	GlobalSection(SolutionProperties) = preSolution
		HideSolutionNode = FALSE
	EndGlobalSection
	GlobalSection(ExtensibilityGlobals) = postSolution
		SolutionGuid = {A354BF1B-710E-4BE5-8B59-2C0E71D5D03E}
	EndGlobalSection
EndGlobal
